
Microsoft Visual Studio Solution File, Format Version 12.00
# Visual Studio Version 16
VisualStudioVersion = 16.0.32630.194
MinimumVisualStudioVersion = 10.0.40219.1
Project("{FAE04EC0-301F-11D3-BF4B-00C04F79EFBC}") = "JsonSanitizer", "JsonSanitizer\JsonSanitizer.csproj", "{5DFD4402-9438-4BB3-9E5B-6CF4DE7C8887}"
EndProject
Global
	GlobalSection(SolutionConfigurationPlatforms) = preSolution
		Debug|Any CPU = Debug|Any CPU
		Release|Any CPU = Release|Any CPU
	EndGlobalSection
	GlobalSection(ProjectConfigurationPlatforms) = postSolution
		{5DFD4402-9438-4BB3-9E5B-6CF4DE7C8887}.Debug|Any CPU.ActiveCfg = Debug|Any CPU
		{5DFD4402-9438-4BB3-9E5B-6CF4DE7C8887}.Debug|Any CPU.Build.0 = Debug|Any CPU
		{5DFD4402-9438-4BB3-9E5B-6CF4DE7C8887}.Release|Any CPU.ActiveCfg = Release|Any CPU
		{5DFD4402-9438-4BB3-9E5B-6CF4DE7C8887}.Release|Any CPU.Build.0 = Release|Any CPU
	EndGlobalSection
	GlobalSection(SolutionProperties) = preSolution
		HideSolutionNode = FALSE
	EndGlobalSection
	GlobalSection(ExtensibilityGlobals) = postSolution
		SolutionGuid = {7D0198A8-FCAC-46D7-B99E-88CAEBAFD4AF}
	EndGlobalSection
EndGlobal
